
Microsoft Visual Studio Solution File, Format Version 12.00
# Visual Studio Version 16
VisualStudioVersion = 16.0.30503.244
MinimumVisualStudioVersion = 10.0.40219.1
Project("{9A19103F-16F7-4668-BE54-9A1E7A4F7556}") = "eBus.WebAPI", "eBus.WebAPI\eBus.WebAPI.csproj", "{16EF4404-7AC4-4166-9DE4-27D04E3798FD}"
EndProject
Project("{9A19103F-16F7-4668-BE54-9A1E7A4F7556}") = "eBus.Model", "eBus.Model\eBus.Model.csproj", "{FD144B73-A8CA-494D-8BCF-DE0780735658}"
EndProject
Project("{2150E333-8FDC-42A3-9474-1A3956D46DE8}") = "UI", "UI", "{3C847333-3AA9-4758-8D0A-DF97CAD87B50}"
EndProject
Project("{FAE04EC0-301F-11D3-BF4B-00C04F79EFBC}") = "eBus.WinUI", "eBus.WinUI\eBus.WinUI.csproj", "{694FB57E-2F1E-4641-ABC6-9796BCD993DA}"
EndProject
Project("{2150E333-8FDC-42A3-9474-1A3956D46DE8}") = "Mobile", "Mobile", "{99553248-5ECD-4B46-9A7B-96F04CFD8360}"
EndProject
Project("{FAE04EC0-301F-11D3-BF4B-00C04F79EFBC}") = "eBus.Mobile.UWP", "eBus.Mobile\eBus.Mobile.UWP\eBus.Mobile.UWP.csproj", "{DA681F09-ED75-4262-BB07-4D70C7A0E3D7}"
EndProject
Project("{FAE04EC0-301F-11D3-BF4B-00C04F79EFBC}") = "eBus.Mobile.Android", "eBus.Mobile\eBus.Mobile.Android\eBus.Mobile.Android.csproj", "{01BE24AE-AF2A-4914-8DF1-8A7ED3B38BB4}"
EndProject
Project("{FAE04EC0-301F-11D3-BF4B-00C04F79EFBC}") = "eBus.Mobile.iOS", "eBus.Mobile\eBus.Mobile.iOS\eBus.Mobile.iOS.csproj", "{982B76D7-134C-4022-B1F6-B9F617E7BD89}"
EndProject
Project("{9A19103F-16F7-4668-BE54-9A1E7A4F7556}") = "eBus.Mobile", "eBus.Mobile\eBus.Mobile\eBus.Mobile.csproj", "{CC71C58A-909E-464F-A994-81823F8BB48F}"
EndProject
Global
	GlobalSection(SolutionConfigurationPlatforms) = preSolution
		Debug|Any CPU = Debug|Any CPU
		Debug|ARM = Debug|ARM
		Debug|iPhone = Debug|iPhone
		Debug|iPhoneSimulator = Debug|iPhoneSimulator
		Debug|x64 = Debug|x64
		Debug|x86 = Debug|x86
		Release|Any CPU = Release|Any CPU
		Release|ARM = Release|ARM
		Release|iPhone = Release|iPhone
		Release|iPhoneSimulator = Release|iPhoneSimulator
		Release|x64 = Release|x64
		Release|x86 = Release|x86
	EndGlobalSection
	GlobalSection(ProjectConfigurationPlatforms) = postSolution
		{16EF4404-7AC4-4166-9DE4-27D04E3798FD}.Debug|Any CPU.ActiveCfg = Debug|Any CPU
		{16EF4404-7AC4-4166-9DE4-27D04E3798FD}.Debug|Any CPU.Build.0 = Debug|Any CPU
		{16EF4404-7AC4-4166-9DE4-27D04E3798FD}.Debug|ARM.ActiveCfg = Debug|Any CPU
		{16EF4404-7AC4-4166-9DE4-27D04E3798FD}.Debug|ARM.Build.0 = Debug|Any CPU
		{16EF4404-7AC4-4166-9DE4-27D04E3798FD}.Debug|iPhone.ActiveCfg = Debug|Any CPU
		{16EF4404-7AC4-4166-9DE4-27D04E3798FD}.Debug|iPhone.Build.0 = Debug|Any CPU
		{16EF4404-7AC4-4166-9DE4-27D04E3798FD}.Debug|iPhoneSimulator.ActiveCfg = Debug|Any CPU
		{16EF4404-7AC4-4166-9DE4-27D04E3798FD}.Debug|iPhoneSimulator.Build.0 = Debug|Any CPU
		{16EF4404-7AC4-4166-9DE4-27D04E3798FD}.Debug|x64.ActiveCfg = Debug|Any CPU
		{16EF4404-7AC4-4166-9DE4-27D04E3798FD}.Debug|x64.Build.0 = Debug|Any CPU
		{16EF4404-7AC4-4166-9DE4-27D04E3798FD}.Debug|x86.ActiveCfg = Debug|x86
		{16EF4404-7AC4-4166-9DE4-27D04E3798FD}.Debug|x86.Build.0 = Debug|x86
		{16EF4404-7AC4-4166-9DE4-27D04E3798FD}.Release|Any CPU.ActiveCfg = Release|Any CPU
		{16EF4404-7AC4-4166-9DE4-27D04E3798FD}.Release|Any CPU.Build.0 = Release|Any CPU
		{16EF4404-7AC4-4166-9DE4-27D04E3798FD}.Release|ARM.ActiveCfg = Release|Any CPU
		{16EF4404-7AC4-4166-9DE4-27D04E3798FD}.Release|ARM.Build.0 = Release|Any CPU
		{16EF4404-7AC4-4166-9DE4-27D04E3798FD}.Release|iPhone.ActiveCfg = Release|Any CPU
		{16EF4404-7AC4-4166-9DE4-27D04E3798FD}.Release|iPhone.Build.0 = Release|Any CPU
		{16EF4404-7AC4-4166-9DE4-27D04E3798FD}.Release|iPhoneSimulator.ActiveCfg = Release|Any CPU
		{16EF4404-7AC4-4166-9DE4-27D04E3798FD}.Release|iPhoneSimulator.Build.0 = Release|Any CPU
		{16EF4404-7AC4-4166-9DE4-27D04E3798FD}.Release|x64.ActiveCfg = Release|Any CPU
		{16EF4404-7AC4-4166-9DE4-27D04E3798FD}.Release|x64.Build.0 = Release|Any CPU
		{16EF4404-7AC4-4166-9DE4-27D04E3798FD}.Release|x86.ActiveCfg = Release|x86
		{16EF4404-7AC4-4166-9DE4-27D04E3798FD}.Release|x86.Build.0 = Release|x86
		{FD144B73-A8CA-494D-8BCF-DE0780735658}.Debug|Any CPU.ActiveCfg = Debug|Any CPU
		{FD144B73-A8CA-494D-8BCF-DE0780735658}.Debug|Any CPU.Build.0 = Debug|Any CPU
		{FD144B73-A8CA-494D-8BCF-DE0780735658}.Debug|ARM.ActiveCfg = Debug|Any CPU
		{FD144B73-A8CA-494D-8BCF-DE0780735658}.Debug|ARM.Build.0 = Debug|Any CPU
		{FD144B73-A8CA-494D-8BCF-DE0780735658}.Debug|iPhone.ActiveCfg = Debug|Any CPU
		{FD144B73-A8CA-494D-8BCF-DE0780735658}.Debug|iPhone.Build.0 = Debug|Any CPU
		{FD144B73-A8CA-494D-8BCF-DE0780735658}.Debug|iPhoneSimulator.ActiveCfg = Debug|Any CPU
		{FD144B73-A8CA-494D-8BCF-DE0780735658}.Debug|iPhoneSimulator.Build.0 = Debug|Any CPU
		{FD144B73-A8CA-494D-8BCF-DE0780735658}.Debug|x64.ActiveCfg = Debug|Any CPU
		{FD144B73-A8CA-494D-8BCF-DE0780735658}.Debug|x64.Build.0 = Debug|Any CPU
		{FD144B73-A8CA-494D-8BCF-DE0780735658}.Debug|x86.ActiveCfg = Debug|x86
		{FD144B73-A8CA-494D-8BCF-DE0780735658}.Debug|x86.Build.0 = Debug|x86
		{FD144B73-A8CA-494D-8BCF-DE0780735658}.Release|Any CPU.ActiveCfg = Release|Any CPU
		{FD144B73-A8CA-494D-8BCF-DE0780735658}.Release|Any CPU.Build.0 = Release|Any CPU
		{FD144B73-A8CA-494D-8BCF-DE0780735658}.Release|ARM.ActiveCfg = Release|Any CPU
		{FD144B73-A8CA-494D-8BCF-DE0780735658}.Release|ARM.Build.0 = Release|Any CPU
		{FD144B73-A8CA-494D-8BCF-DE0780735658}.Release|iPhone.ActiveCfg = Release|Any CPU
		{FD144B73-A8CA-494D-8BCF-DE0780735658}.Release|iPhone.Build.0 = Release|Any CPU
		{FD144B73-A8CA-494D-8BCF-DE0780735658}.Release|iPhoneSimulator.ActiveCfg = Release|Any CPU
		{FD144B73-A8CA-494D-8BCF-DE0780735658}.Release|iPhoneSimulator.Build.0 = Release|Any CPU
		{FD144B73-A8CA-494D-8BCF-DE0780735658}.Release|x64.ActiveCfg = Release|Any CPU
		{FD144B73-A8CA-494D-8BCF-DE0780735658}.Release|x64.Build.0 = Release|Any CPU
		{FD144B73-A8CA-494D-8BCF-DE0780735658}.Release|x86.ActiveCfg = Release|x86
		{FD144B73-A8CA-494D-8BCF-DE0780735658}.Release|x86.Build.0 = Release|x86
		{694FB57E-2F1E-4641-ABC6-9796BCD993DA}.Debug|Any CPU.ActiveCfg = Debug|Any CPU
		{694FB57E-2F1E-4641-ABC6-9796BCD993DA}.Debug|Any CPU.Build.0 = Debug|Any CPU
		{694FB57E-2F1E-4641-ABC6-9796BCD993DA}.Debug|ARM.ActiveCfg = Debug|Any CPU
		{694FB57E-2F1E-4641-ABC6-9796BCD993DA}.Debug|ARM.Build.0 = Debug|Any CPU
		{694FB57E-2F1E-4641-ABC6-9796BCD993DA}.Debug|iPhone.ActiveCfg = Debug|Any CPU
		{694FB57E-2F1E-4641-ABC6-9796BCD993DA}.Debug|iPhone.Build.0 = Debug|Any CPU
		{694FB57E-2F1E-4641-ABC6-9796BCD993DA}.Debug|iPhoneSimulator.ActiveCfg = Debug|Any CPU
		{694FB57E-2F1E-4641-ABC6-9796BCD993DA}.Debug|iPhoneSimulator.Build.0 = Debug|Any CPU
		{694FB57E-2F1E-4641-ABC6-9796BCD993DA}.Debug|x64.ActiveCfg = Debug|Any CPU
		{694FB57E-2F1E-4641-ABC6-9796BCD993DA}.Debug|x64.Build.0 = Debug|Any CPU
		{694FB57E-2F1E-4641-ABC6-9796BCD993DA}.Debug|x86.ActiveCfg = Debug|x86
		{694FB57E-2F1E-4641-ABC6-9796BCD993DA}.Debug|x86.Build.0 = Debug|x86
		{694FB57E-2F1E-4641-ABC6-9796BCD993DA}.Release|Any CPU.ActiveCfg = Release|Any CPU
		{694FB57E-2F1E-4641-ABC6-9796BCD993DA}.Release|Any CPU.Build.0 = Release|Any CPU
		{694FB57E-2F1E-4641-ABC6-9796BCD993DA}.Release|ARM.ActiveCfg = Release|Any CPU
		{694FB57E-2F1E-4641-ABC6-9796BCD993DA}.Release|ARM.Build.0 = Release|Any CPU
		{694FB57E-2F1E-4641-ABC6-9796BCD993DA}.Release|iPhone.ActiveCfg = Release|Any CPU
		{694FB57E-2F1E-4641-ABC6-9796BCD993DA}.Release|iPhone.Build.0 = Release|Any CPU
		{694FB57E-2F1E-4641-ABC6-9796BCD993DA}.Release|iPhoneSimulator.ActiveCfg = Release|Any CPU
		{694FB57E-2F1E-4641-ABC6-9796BCD993DA}.Release|iPhoneSimulator.Build.0 = Release|Any CPU
		{694FB57E-2F1E-4641-ABC6-9796BCD993DA}.Release|x64.ActiveCfg = Release|Any CPU
		{694FB57E-2F1E-4641-ABC6-9796BCD993DA}.Release|x64.Build.0 = Release|Any CPU
		{694FB57E-2F1E-4641-ABC6-9796BCD993DA}.Release|x86.ActiveCfg = Release|x86
		{694FB57E-2F1E-4641-ABC6-9796BCD993DA}.Release|x86.Build.0 = Release|x86
		{DA681F09-ED75-4262-BB07-4D70C7A0E3D7}.Debug|Any CPU.ActiveCfg = Debug|x86
		{DA681F09-ED75-4262-BB07-4D70C7A0E3D7}.Debug|Any CPU.Build.0 = Debug|x86
		{DA681F09-ED75-4262-BB07-4D70C7A0E3D7}.Debug|Any CPU.Deploy.0 = Debug|x86
		{DA681F09-ED75-4262-BB07-4D70C7A0E3D7}.Debug|ARM.ActiveCfg = Debug|ARM
		{DA681F09-ED75-4262-BB07-4D70C7A0E3D7}.Debug|ARM.Build.0 = Debug|ARM
		{DA681F09-ED75-4262-BB07-4D70C7A0E3D7}.Debug|ARM.Deploy.0 = Debug|ARM
		{DA681F09-ED75-4262-BB07-4D70C7A0E3D7}.Debug|iPhone.ActiveCfg = Debug|x86
		{DA681F09-ED75-4262-BB07-4D70C7A0E3D7}.Debug|iPhoneSimulator.ActiveCfg = Debug|x86
		{DA681F09-ED75-4262-BB07-4D70C7A0E3D7}.Debug|x64.ActiveCfg = Debug|x64
		{DA681F09-ED75-4262-BB07-4D70C7A0E3D7}.Debug|x64.Build.0 = Debug|x64
		{DA681F09-ED75-4262-BB07-4D70C7A0E3D7}.Debug|x64.Deploy.0 = Debug|x64
		{DA681F09-ED75-4262-BB07-4D70C7A0E3D7}.Debug|x86.ActiveCfg = Debug|x86
		{DA681F09-ED75-4262-BB07-4D70C7A0E3D7}.Debug|x86.Build.0 = Debug|x86
		{DA681F09-ED75-4262-BB07-4D70C7A0E3D7}.Debug|x86.Deploy.0 = Debug|x86
		{DA681F09-ED75-4262-BB07-4D70C7A0E3D7}.Release|Any CPU.ActiveCfg = Release|x86
		{DA681F09-ED75-4262-BB07-4D70C7A0E3D7}.Release|ARM.ActiveCfg = Release|ARM
		{DA681F09-ED75-4262-BB07-4D70C7A0E3D7}.Release|ARM.Build.0 = Release|ARM
		{DA681F09-ED75-4262-BB07-4D70C7A0E3D7}.Release|ARM.Deploy.0 = Release|ARM
		{DA681F09-ED75-4262-BB07-4D70C7A0E3D7}.Release|iPhone.ActiveCfg = Release|x86
		{DA681F09-ED75-4262-BB07-4D70C7A0E3D7}.Release|iPhoneSimulator.ActiveCfg = Release|x86
		{DA681F09-ED75-4262-BB07-4D70C7A0E3D7}.Release|x64.ActiveCfg = Release|x64
		{DA681F09-ED75-4262-BB07-4D70C7A0E3D7}.Release|x64.Build.0 = Release|x64
		{DA681F09-ED75-4262-BB07-4D70C7A0E3D7}.Release|x64.Deploy.0 = Release|x64
		{DA681F09-ED75-4262-BB07-4D70C7A0E3D7}.Release|x86.ActiveCfg = Release|x86
		{DA681F09-ED75-4262-BB07-4D70C7A0E3D7}.Release|x86.Build.0 = Release|x86
		{DA681F09-ED75-4262-BB07-4D70C7A0E3D7}.Release|x86.Deploy.0 = Release|x86
		{01BE24AE-AF2A-4914-8DF1-8A7ED3B38BB4}.Debug|Any CPU.ActiveCfg = Debug|Any CPU
		{01BE24AE-AF2A-4914-8DF1-8A7ED3B38BB4}.Debug|Any CPU.Build.0 = Debug|Any CPU
		{01BE24AE-AF2A-4914-8DF1-8A7ED3B38BB4}.Debug|Any CPU.Deploy.0 = Debug|Any CPU
		{01BE24AE-AF2A-4914-8DF1-8A7ED3B38BB4}.Debug|ARM.ActiveCfg = Debug|Any CPU
		{01BE24AE-AF2A-4914-8DF1-8A7ED3B38BB4}.Debug|ARM.Build.0 = Debug|Any CPU
		{01BE24AE-AF2A-4914-8DF1-8A7ED3B38BB4}.Debug|ARM.Deploy.0 = Debug|Any CPU
		{01BE24AE-AF2A-4914-8DF1-8A7ED3B38BB4}.Debug|iPhone.ActiveCfg = Debug|Any CPU
		{01BE24AE-AF2A-4914-8DF1-8A7ED3B38BB4}.Debug|iPhone.Build.0 = Debug|Any CPU
		{01BE24AE-AF2A-4914-8DF1-8A7ED3B38BB4}.Debug|iPhone.Deploy.0 = Debug|Any CPU
		{01BE24AE-AF2A-4914-8DF1-8A7ED3B38BB4}.Debug|iPhoneSimulator.ActiveCfg = Debug|Any CPU
		{01BE24AE-AF2A-4914-8DF1-8A7ED3B38BB4}.Debug|iPhoneSimulator.Build.0 = Debug|Any CPU
		{01BE24AE-AF2A-4914-8DF1-8A7ED3B38BB4}.Debug|iPhoneSimulator.Deploy.0 = Debug|Any CPU
		{01BE24AE-AF2A-4914-8DF1-8A7ED3B38BB4}.Debug|x64.ActiveCfg = Debug|Any CPU
		{01BE24AE-AF2A-4914-8DF1-8A7ED3B38BB4}.Debug|x64.Build.0 = Debug|Any CPU
		{01BE24AE-AF2A-4914-8DF1-8A7ED3B38BB4}.Debug|x64.Deploy.0 = Debug|Any CPU
		{01BE24AE-AF2A-4914-8DF1-8A7ED3B38BB4}.Debug|x86.ActiveCfg = Debug|Any CPU
		{01BE24AE-AF2A-4914-8DF1-8A7ED3B38BB4}.Debug|x86.Build.0 = Debug|Any CPU
		{01BE24AE-AF2A-4914-8DF1-8A7ED3B38BB4}.Debug|x86.Deploy.0 = Debug|Any CPU
		{01BE24AE-AF2A-4914-8DF1-8A7ED3B38BB4}.Release|Any CPU.ActiveCfg = Release|Any CPU
		{01BE24AE-AF2A-4914-8DF1-8A7ED3B38BB4}.Release|Any CPU.Build.0 = Release|Any CPU
		{01BE24AE-AF2A-4914-8DF1-8A7ED3B38BB4}.Release|Any CPU.Deploy.0 = Release|Any CPU
		{01BE24AE-AF2A-4914-8DF1-8A7ED3B38BB4}.Release|ARM.ActiveCfg = Release|Any CPU
		{01BE24AE-AF2A-4914-8DF1-8A7ED3B38BB4}.Release|ARM.Build.0 = Release|Any CPU
		{01BE24AE-AF2A-4914-8DF1-8A7ED3B38BB4}.Release|ARM.Deploy.0 = Release|Any CPU
		{01BE24AE-AF2A-4914-8DF1-8A7ED3B38BB4}.Release|iPhone.ActiveCfg = Release|Any CPU
		{01BE24AE-AF2A-4914-8DF1-8A7ED3B38BB4}.Release|iPhone.Build.0 = Release|Any CPU
		{01BE24AE-AF2A-4914-8DF1-8A7ED3B38BB4}.Release|iPhone.Deploy.0 = Release|Any CPU
		{01BE24AE-AF2A-4914-8DF1-8A7ED3B38BB4}.Release|iPhoneSimulator.ActiveCfg = Release|Any CPU
		{01BE24AE-AF2A-4914-8DF1-8A7ED3B38BB4}.Release|iPhoneSimulator.Build.0 = Release|Any CPU
		{01BE24AE-AF2A-4914-8DF1-8A7ED3B38BB4}.Release|iPhoneSimulator.Deploy.0 = Release|Any CPU
		{01BE24AE-AF2A-4914-8DF1-8A7ED3B38BB4}.Release|x64.ActiveCfg = Release|Any CPU
		{01BE24AE-AF2A-4914-8DF1-8A7ED3B38BB4}.Release|x64.Build.0 = Release|Any CPU
		{01BE24AE-AF2A-4914-8DF1-8A7ED3B38BB4}.Release|x64.Deploy.0 = Release|Any CPU
		{01BE24AE-AF2A-4914-8DF1-8A7ED3B38BB4}.Release|x86.ActiveCfg = Release|Any CPU
		{01BE24AE-AF2A-4914-8DF1-8A7ED3B38BB4}.Release|x86.Build.0 = Release|Any CPU
		{01BE24AE-AF2A-4914-8DF1-8A7ED3B38BB4}.Release|x86.Deploy.0 = Release|Any CPU
		{982B76D7-134C-4022-B1F6-B9F617E7BD89}.Debug|Any CPU.ActiveCfg = Debug|iPhoneSimulator
		{982B76D7-134C-4022-B1F6-B9F617E7BD89}.Debug|ARM.ActiveCfg = Debug|iPhoneSimulator
		{982B76D7-134C-4022-B1F6-B9F617E7BD89}.Debug|iPhone.ActiveCfg = Debug|iPhone
		{982B76D7-134C-4022-B1F6-B9F617E7BD89}.Debug|iPhone.Build.0 = Debug|iPhone
		{982B76D7-134C-4022-B1F6-B9F617E7BD89}.Debug|iPhoneSimulator.ActiveCfg = Debug|iPhoneSimulator
		{982B76D7-134C-4022-B1F6-B9F617E7BD89}.Debug|iPhoneSimulator.Build.0 = Debug|iPhoneSimulator
		{982B76D7-134C-4022-B1F6-B9F617E7BD89}.Debug|x64.ActiveCfg = Debug|iPhoneSimulator
		{982B76D7-134C-4022-B1F6-B9F617E7BD89}.Debug|x86.ActiveCfg = Debug|iPhoneSimulator
		{982B76D7-134C-4022-B1F6-B9F617E7BD89}.Release|Any CPU.ActiveCfg = Release|iPhoneSimulator
		{982B76D7-134C-4022-B1F6-B9F617E7BD89}.Release|ARM.ActiveCfg = Release|iPhoneSimulator
		{982B76D7-134C-4022-B1F6-B9F617E7BD89}.Release|iPhone.ActiveCfg = Release|iPhone
		{982B76D7-134C-4022-B1F6-B9F617E7BD89}.Release|iPhone.Build.0 = Release|iPhone
		{982B76D7-134C-4022-B1F6-B9F617E7BD89}.Release|iPhoneSimulator.ActiveCfg = Release|iPhoneSimulator
		{982B76D7-134C-4022-B1F6-B9F617E7BD89}.Release|iPhoneSimulator.Build.0 = Release|iPhoneSimulator
		{982B76D7-134C-4022-B1F6-B9F617E7BD89}.Release|x64.ActiveCfg = Release|iPhoneSimulator
		{982B76D7-134C-4022-B1F6-B9F617E7BD89}.Release|x86.ActiveCfg = Release|iPhoneSimulator
		{CC71C58A-909E-464F-A994-81823F8BB48F}.Debug|Any CPU.ActiveCfg = Debug|Any CPU
		{CC71C58A-909E-464F-A994-81823F8BB48F}.Debug|Any CPU.Build.0 = Debug|Any CPU
		{CC71C58A-909E-464F-A994-81823F8BB48F}.Debug|ARM.ActiveCfg = Debug|Any CPU
		{CC71C58A-909E-464F-A994-81823F8BB48F}.Debug|ARM.Build.0 = Debug|Any CPU
		{CC71C58A-909E-464F-A994-81823F8BB48F}.Debug|iPhone.ActiveCfg = Debug|Any CPU
		{CC71C58A-909E-464F-A994-81823F8BB48F}.Debug|iPhone.Build.0 = Debug|Any CPU
		{CC71C58A-909E-464F-A994-81823F8BB48F}.Debug|iPhoneSimulator.ActiveCfg = Debug|Any CPU
		{CC71C58A-909E-464F-A994-81823F8BB48F}.Debug|iPhoneSimulator.Build.0 = Debug|Any CPU
		{CC71C58A-909E-464F-A994-81823F8BB48F}.Debug|x64.ActiveCfg = Debug|Any CPU
		{CC71C58A-909E-464F-A994-81823F8BB48F}.Debug|x64.Build.0 = Debug|Any CPU
		{CC71C58A-909E-464F-A994-81823F8BB48F}.Debug|x86.ActiveCfg = Debug|Any CPU
		{CC71C58A-909E-464F-A994-81823F8BB48F}.Debug|x86.Build.0 = Debug|Any CPU
		{CC71C58A-909E-464F-A994-81823F8BB48F}.Release|Any CPU.ActiveCfg = Release|Any CPU
		{CC71C58A-909E-464F-A994-81823F8BB48F}.Release|Any CPU.Build.0 = Release|Any CPU
		{CC71C58A-909E-464F-A994-81823F8BB48F}.Release|ARM.ActiveCfg = Release|Any CPU
		{CC71C58A-909E-464F-A994-81823F8BB48F}.Release|ARM.Build.0 = Release|Any CPU
		{CC71C58A-909E-464F-A994-81823F8BB48F}.Release|iPhone.ActiveCfg = Release|Any CPU
		{CC71C58A-909E-464F-A994-81823F8BB48F}.Release|iPhone.Build.0 = Release|Any CPU
		{CC71C58A-909E-464F-A994-81823F8BB48F}.Release|iPhoneSimulator.ActiveCfg = Release|Any CPU
		{CC71C58A-909E-464F-A994-81823F8BB48F}.Release|iPhoneSimulator.Build.0 = Release|Any CPU
		{CC71C58A-909E-464F-A994-81823F8BB48F}.Release|x64.ActiveCfg = Release|Any CPU
		{CC71C58A-909E-464F-A994-81823F8BB48F}.Release|x64.Build.0 = Release|Any CPU
		{CC71C58A-909E-464F-A994-81823F8BB48F}.Release|x86.ActiveCfg = Release|Any CPU
		{CC71C58A-909E-464F-A994-81823F8BB48F}.Release|x86.Build.0 = Release|Any CPU
	EndGlobalSection
	GlobalSection(SolutionProperties) = preSolution
		HideSolutionNode = FALSE
	EndGlobalSection
	GlobalSection(NestedProjects) = preSolution
		{694FB57E-2F1E-4641-ABC6-9796BCD993DA} = {3C847333-3AA9-4758-8D0A-DF97CAD87B50}
		{DA681F09-ED75-4262-BB07-4D70C7A0E3D7} = {99553248-5ECD-4B46-9A7B-96F04CFD8360}
		{01BE24AE-AF2A-4914-8DF1-8A7ED3B38BB4} = {99553248-5ECD-4B46-9A7B-96F04CFD8360}
		{982B76D7-134C-4022-B1F6-B9F617E7BD89} = {99553248-5ECD-4B46-9A7B-96F04CFD8360}
		{CC71C58A-909E-464F-A994-81823F8BB48F} = {99553248-5ECD-4B46-9A7B-96F04CFD8360}
	EndGlobalSection
	GlobalSection(ExtensibilityGlobals) = postSolution
		SolutionGuid = {43234D3D-34AC-4E48-9C60-4450E78BD714}
	EndGlobalSection
EndGlobal
